
Microsoft Visual Studio Solution File, Format Version 12.00
# Visual Studio 2012
VisualStudioVersion = 12.0.30723.0
MinimumVisualStudioVersion = 10.0.40219.1
Project("{FAE04EC0-301F-11D3-BF4B-00C04F79EFBC}") = "GECoPilot", "GECoPilot\GECoPilot.csproj", "{2D75FB71-1B3E-489C-84DE-1D23966ACB88}"
EndProject
Project("{FAE04EC0-301F-11D3-BF4B-00C04F79EFBC}") = "GECoPilot.iOS", "iOS\GECoPilot.iOS.csproj", "{F1C07999-712D-48DE-8A67-C87ED07F7159}"
EndProject
Project("{FAE04EC0-301F-11D3-BF4B-00C04F79EFBC}") = "GECoPilot.Android", "Android\GECoPilot.Android.csproj", "{CC48DC3A-852A-44E7-8CDD-5FAEDBB4DA3C}"
EndProject
Project("{FAE04EC0-301F-11D3-BF4B-00C04F79EFBC}") = "GECoPilot.WinPhone", "WinPhone\GECoPilot.WinPhone.csproj", "{84246878-0EF2-44B2-BF50-2DC9A3578385}"
EndProject
Global
	GlobalSection(SolutionConfigurationPlatforms) = preSolution
		Ad-Hoc|Any CPU = Ad-Hoc|Any CPU
		Ad-Hoc|ARM = Ad-Hoc|ARM
		Ad-Hoc|iPhone = Ad-Hoc|iPhone
		Ad-Hoc|iPhoneSimulator = Ad-Hoc|iPhoneSimulator
		Ad-Hoc|Mixed Platforms = Ad-Hoc|Mixed Platforms
		Ad-Hoc|x86 = Ad-Hoc|x86
		AppStore|Any CPU = AppStore|Any CPU
		AppStore|ARM = AppStore|ARM
		AppStore|iPhone = AppStore|iPhone
		AppStore|iPhoneSimulator = AppStore|iPhoneSimulator
		AppStore|Mixed Platforms = AppStore|Mixed Platforms
		AppStore|x86 = AppStore|x86
		Debug|Any CPU = Debug|Any CPU
		Debug|ARM = Debug|ARM
		Debug|iPhone = Debug|iPhone
		Debug|iPhoneSimulator = Debug|iPhoneSimulator
		Debug|Mixed Platforms = Debug|Mixed Platforms
		Debug|x86 = Debug|x86
		Release|Any CPU = Release|Any CPU
		Release|ARM = Release|ARM
		Release|iPhone = Release|iPhone
		Release|iPhoneSimulator = Release|iPhoneSimulator
		Release|Mixed Platforms = Release|Mixed Platforms
		Release|x86 = Release|x86
	EndGlobalSection
	GlobalSection(ProjectConfigurationPlatforms) = postSolution
		{2D75FB71-1B3E-489C-84DE-1D23966ACB88}.Ad-Hoc|Any CPU.ActiveCfg = Release|Any CPU
		{2D75FB71-1B3E-489C-84DE-1D23966ACB88}.Ad-Hoc|Any CPU.Build.0 = Release|Any CPU
		{2D75FB71-1B3E-489C-84DE-1D23966ACB88}.Ad-Hoc|ARM.ActiveCfg = Release|Any CPU
		{2D75FB71-1B3E-489C-84DE-1D23966ACB88}.Ad-Hoc|iPhone.ActiveCfg = Debug|Any CPU
		{2D75FB71-1B3E-489C-84DE-1D23966ACB88}.Ad-Hoc|iPhone.Build.0 = Debug|Any CPU
		{2D75FB71-1B3E-489C-84DE-1D23966ACB88}.Ad-Hoc|iPhoneSimulator.ActiveCfg = Release|Any CPU
		{2D75FB71-1B3E-489C-84DE-1D23966ACB88}.Ad-Hoc|Mixed Platforms.ActiveCfg = Release|Any CPU
		{2D75FB71-1B3E-489C-84DE-1D23966ACB88}.Ad-Hoc|Mixed Platforms.Build.0 = Release|Any CPU
		{2D75FB71-1B3E-489C-84DE-1D23966ACB88}.Ad-Hoc|x86.ActiveCfg = Release|Any CPU
		{2D75FB71-1B3E-489C-84DE-1D23966ACB88}.AppStore|Any CPU.ActiveCfg = Release|Any CPU
		{2D75FB71-1B3E-489C-84DE-1D23966ACB88}.AppStore|Any CPU.Build.0 = Release|Any CPU
		{2D75FB71-1B3E-489C-84DE-1D23966ACB88}.AppStore|ARM.ActiveCfg = Release|Any CPU
		{2D75FB71-1B3E-489C-84DE-1D23966ACB88}.AppStore|iPhone.ActiveCfg = Debug|Any CPU
		{2D75FB71-1B3E-489C-84DE-1D23966ACB88}.AppStore|iPhone.Build.0 = Debug|Any CPU
		{2D75FB71-1B3E-489C-84DE-1D23966ACB88}.AppStore|iPhoneSimulator.ActiveCfg = Release|Any CPU
		{2D75FB71-1B3E-489C-84DE-1D23966ACB88}.AppStore|Mixed Platforms.ActiveCfg = Release|Any CPU
		{2D75FB71-1B3E-489C-84DE-1D23966ACB88}.AppStore|Mixed Platforms.Build.0 = Release|Any CPU
		{2D75FB71-1B3E-489C-84DE-1D23966ACB88}.AppStore|x86.ActiveCfg = Release|Any CPU
		{2D75FB71-1B3E-489C-84DE-1D23966ACB88}.Debug|Any CPU.ActiveCfg = Debug|Any CPU
		{2D75FB71-1B3E-489C-84DE-1D23966ACB88}.Debug|Any CPU.Build.0 = Debug|Any CPU
		{2D75FB71-1B3E-489C-84DE-1D23966ACB88}.Debug|ARM.ActiveCfg = Debug|Any CPU
		{2D75FB71-1B3E-489C-84DE-1D23966ACB88}.Debug|iPhone.ActiveCfg = Debug|Any CPU
		{2D75FB71-1B3E-489C-84DE-1D23966ACB88}.Debug|iPhone.Build.0 = Debug|Any CPU
		{2D75FB71-1B3E-489C-84DE-1D23966ACB88}.Debug|iPhoneSimulator.ActiveCfg = Debug|Any CPU
		{2D75FB71-1B3E-489C-84DE-1D23966ACB88}.Debug|iPhoneSimulator.Build.0 = Debug|Any CPU
		{2D75FB71-1B3E-489C-84DE-1D23966ACB88}.Debug|Mixed Platforms.ActiveCfg = Debug|Any CPU
		{2D75FB71-1B3E-489C-84DE-1D23966ACB88}.Debug|Mixed Platforms.Build.0 = Debug|Any CPU
		{2D75FB71-1B3E-489C-84DE-1D23966ACB88}.Debug|x86.ActiveCfg = Debug|Any CPU
		{2D75FB71-1B3E-489C-84DE-1D23966ACB88}.Release|Any CPU.ActiveCfg = Release|Any CPU
		{2D75FB71-1B3E-489C-84DE-1D23966ACB88}.Release|Any CPU.Build.0 = Release|Any CPU
		{2D75FB71-1B3E-489C-84DE-1D23966ACB88}.Release|ARM.ActiveCfg = Release|Any CPU
		{2D75FB71-1B3E-489C-84DE-1D23966ACB88}.Release|iPhone.ActiveCfg = Release|Any CPU
		{2D75FB71-1B3E-489C-84DE-1D23966ACB88}.Release|iPhone.Build.0 = Release|Any CPU
		{2D75FB71-1B3E-489C-84DE-1D23966ACB88}.Release|iPhoneSimulator.ActiveCfg = Release|Any CPU
		{2D75FB71-1B3E-489C-84DE-1D23966ACB88}.Release|iPhoneSimulator.Build.0 = Release|Any CPU
		{2D75FB71-1B3E-489C-84DE-1D23966ACB88}.Release|Mixed Platforms.ActiveCfg = Release|Any CPU
		{2D75FB71-1B3E-489C-84DE-1D23966ACB88}.Release|Mixed Platforms.Build.0 = Release|Any CPU
		{2D75FB71-1B3E-489C-84DE-1D23966ACB88}.Release|x86.ActiveCfg = Release|Any CPU
		{84246878-0EF2-44B2-BF50-2DC9A3578385}.Ad-Hoc|Any CPU.ActiveCfg = Release|Any CPU
		{84246878-0EF2-44B2-BF50-2DC9A3578385}.Ad-Hoc|Any CPU.Build.0 = Release|Any CPU
		{84246878-0EF2-44B2-BF50-2DC9A3578385}.Ad-Hoc|Any CPU.Deploy.0 = Release|Any CPU
		{84246878-0EF2-44B2-BF50-2DC9A3578385}.Ad-Hoc|ARM.ActiveCfg = Release|ARM
		{84246878-0EF2-44B2-BF50-2DC9A3578385}.Ad-Hoc|ARM.Build.0 = Release|ARM
		{84246878-0EF2-44B2-BF50-2DC9A3578385}.Ad-Hoc|ARM.Deploy.0 = Release|ARM
		{84246878-0EF2-44B2-BF50-2DC9A3578385}.Ad-Hoc|iPhone.ActiveCfg = Release|Any CPU
		{84246878-0EF2-44B2-BF50-2DC9A3578385}.Ad-Hoc|iPhoneSimulator.ActiveCfg = Release|Any CPU
		{84246878-0EF2-44B2-BF50-2DC9A3578385}.Ad-Hoc|Mixed Platforms.ActiveCfg = Release|x86
		{84246878-0EF2-44B2-BF50-2DC9A3578385}.Ad-Hoc|Mixed Platforms.Build.0 = Release|x86
		{84246878-0EF2-44B2-BF50-2DC9A3578385}.Ad-Hoc|Mixed Platforms.Deploy.0 = Release|x86
		{84246878-0EF2-44B2-BF50-2DC9A3578385}.Ad-Hoc|x86.ActiveCfg = Release|x86
		{84246878-0EF2-44B2-BF50-2DC9A3578385}.Ad-Hoc|x86.Build.0 = Release|x86
		{84246878-0EF2-44B2-BF50-2DC9A3578385}.Ad-Hoc|x86.Deploy.0 = Release|x86
		{84246878-0EF2-44B2-BF50-2DC9A3578385}.AppStore|Any CPU.ActiveCfg = Release|Any CPU
		{84246878-0EF2-44B2-BF50-2DC9A3578385}.AppStore|Any CPU.Build.0 = Release|Any CPU
		{84246878-0EF2-44B2-BF50-2DC9A3578385}.AppStore|Any CPU.Deploy.0 = Release|Any CPU
		{84246878-0EF2-44B2-BF50-2DC9A3578385}.AppStore|ARM.ActiveCfg = Release|ARM
		{84246878-0EF2-44B2-BF50-2DC9A3578385}.AppStore|ARM.Build.0 = Release|ARM
		{84246878-0EF2-44B2-BF50-2DC9A3578385}.AppStore|ARM.Deploy.0 = Release|ARM
		{84246878-0EF2-44B2-BF50-2DC9A3578385}.AppStore|iPhone.ActiveCfg = Release|Any CPU
		{84246878-0EF2-44B2-BF50-2DC9A3578385}.AppStore|iPhoneSimulator.ActiveCfg = Release|Any CPU
		{84246878-0EF2-44B2-BF50-2DC9A3578385}.AppStore|Mixed Platforms.ActiveCfg = Release|x86
		{84246878-0EF2-44B2-BF50-2DC9A3578385}.AppStore|Mixed Platforms.Build.0 = Release|x86
		{84246878-0EF2-44B2-BF50-2DC9A3578385}.AppStore|Mixed Platforms.Deploy.0 = Release|x86
		{84246878-0EF2-44B2-BF50-2DC9A3578385}.AppStore|x86.ActiveCfg = Release|x86
		{84246878-0EF2-44B2-BF50-2DC9A3578385}.AppStore|x86.Build.0 = Release|x86
		{84246878-0EF2-44B2-BF50-2DC9A3578385}.AppStore|x86.Deploy.0 = Release|x86
		{84246878-0EF2-44B2-BF50-2DC9A3578385}.Debug|Any CPU.ActiveCfg = Debug|Any CPU
		{84246878-0EF2-44B2-BF50-2DC9A3578385}.Debug|Any CPU.Build.0 = Debug|Any CPU
		{84246878-0EF2-44B2-BF50-2DC9A3578385}.Debug|Any CPU.Deploy.0 = Debug|Any CPU
		{84246878-0EF2-44B2-BF50-2DC9A3578385}.Debug|ARM.ActiveCfg = Debug|ARM
		{84246878-0EF2-44B2-BF50-2DC9A3578385}.Debug|ARM.Build.0 = Debug|ARM
		{84246878-0EF2-44B2-BF50-2DC9A3578385}.Debug|ARM.Deploy.0 = Debug|ARM
		{84246878-0EF2-44B2-BF50-2DC9A3578385}.Debug|iPhone.ActiveCfg = Debug|Any CPU
		{84246878-0EF2-44B2-BF50-2DC9A3578385}.Debug|iPhoneSimulator.ActiveCfg = Debug|Any CPU
		{84246878-0EF2-44B2-BF50-2DC9A3578385}.Debug|Mixed Platforms.ActiveCfg = Debug|x86
		{84246878-0EF2-44B2-BF50-2DC9A3578385}.Debug|Mixed Platforms.Build.0 = Debug|x86
		{84246878-0EF2-44B2-BF50-2DC9A3578385}.Debug|Mixed Platforms.Deploy.0 = Debug|x86
		{84246878-0EF2-44B2-BF50-2DC9A3578385}.Debug|x86.ActiveCfg = Debug|x86
		{84246878-0EF2-44B2-BF50-2DC9A3578385}.Debug|x86.Build.0 = Debug|x86
		{84246878-0EF2-44B2-BF50-2DC9A3578385}.Debug|x86.Deploy.0 = Debug|x86
		{84246878-0EF2-44B2-BF50-2DC9A3578385}.Release|Any CPU.ActiveCfg = Release|Any CPU
		{84246878-0EF2-44B2-BF50-2DC9A3578385}.Release|Any CPU.Build.0 = Release|Any CPU
		{84246878-0EF2-44B2-BF50-2DC9A3578385}.Release|Any CPU.Deploy.0 = Release|Any CPU
		{84246878-0EF2-44B2-BF50-2DC9A3578385}.Release|ARM.ActiveCfg = Release|ARM
		{84246878-0EF2-44B2-BF50-2DC9A3578385}.Release|ARM.Build.0 = Release|ARM
		{84246878-0EF2-44B2-BF50-2DC9A3578385}.Release|ARM.Deploy.0 = Release|ARM
		{84246878-0EF2-44B2-BF50-2DC9A3578385}.Release|iPhone.ActiveCfg = Release|Any CPU
		{84246878-0EF2-44B2-BF50-2DC9A3578385}.Release|iPhoneSimulator.ActiveCfg = Release|Any CPU
		{84246878-0EF2-44B2-BF50-2DC9A3578385}.Release|Mixed Platforms.ActiveCfg = Release|x86
		{84246878-0EF2-44B2-BF50-2DC9A3578385}.Release|Mixed Platforms.Build.0 = Release|x86
		{84246878-0EF2-44B2-BF50-2DC9A3578385}.Release|Mixed Platforms.Deploy.0 = Release|x86
		{84246878-0EF2-44B2-BF50-2DC9A3578385}.Release|x86.ActiveCfg = Release|x86
		{84246878-0EF2-44B2-BF50-2DC9A3578385}.Release|x86.Build.0 = Release|x86
		{84246878-0EF2-44B2-BF50-2DC9A3578385}.Release|x86.Deploy.0 = Release|x86
		{CC48DC3A-852A-44E7-8CDD-5FAEDBB4DA3C}.Ad-Hoc|Any CPU.ActiveCfg = Release|Any CPU
		{CC48DC3A-852A-44E7-8CDD-5FAEDBB4DA3C}.Ad-Hoc|Any CPU.Build.0 = Release|Any CPU
		{CC48DC3A-852A-44E7-8CDD-5FAEDBB4DA3C}.Ad-Hoc|Any CPU.Deploy.0 = Release|Any CPU
		{CC48DC3A-852A-44E7-8CDD-5FAEDBB4DA3C}.Ad-Hoc|ARM.ActiveCfg = Release|Any CPU
		{CC48DC3A-852A-44E7-8CDD-5FAEDBB4DA3C}.Ad-Hoc|iPhone.ActiveCfg = Debug|Any CPU
		{CC48DC3A-852A-44E7-8CDD-5FAEDBB4DA3C}.Ad-Hoc|iPhone.Build.0 = Debug|Any CPU
		{CC48DC3A-852A-44E7-8CDD-5FAEDBB4DA3C}.Ad-Hoc|iPhoneSimulator.ActiveCfg = Release|Any CPU
		{CC48DC3A-852A-44E7-8CDD-5FAEDBB4DA3C}.Ad-Hoc|Mixed Platforms.ActiveCfg = Release|Any CPU
		{CC48DC3A-852A-44E7-8CDD-5FAEDBB4DA3C}.Ad-Hoc|Mixed Platforms.Build.0 = Release|Any CPU
		{CC48DC3A-852A-44E7-8CDD-5FAEDBB4DA3C}.Ad-Hoc|Mixed Platforms.Deploy.0 = Release|Any CPU
		{CC48DC3A-852A-44E7-8CDD-5FAEDBB4DA3C}.Ad-Hoc|x86.ActiveCfg = Release|Any CPU
		{CC48DC3A-852A-44E7-8CDD-5FAEDBB4DA3C}.AppStore|Any CPU.ActiveCfg = Release|Any CPU
		{CC48DC3A-852A-44E7-8CDD-5FAEDBB4DA3C}.AppStore|Any CPU.Build.0 = Release|Any CPU
		{CC48DC3A-852A-44E7-8CDD-5FAEDBB4DA3C}.AppStore|Any CPU.Deploy.0 = Release|Any CPU
		{CC48DC3A-852A-44E7-8CDD-5FAEDBB4DA3C}.AppStore|ARM.ActiveCfg = Release|Any CPU
		{CC48DC3A-852A-44E7-8CDD-5FAEDBB4DA3C}.AppStore|iPhone.ActiveCfg = Debug|Any CPU
		{CC48DC3A-852A-44E7-8CDD-5FAEDBB4DA3C}.AppStore|iPhone.Build.0 = Debug|Any CPU
		{CC48DC3A-852A-44E7-8CDD-5FAEDBB4DA3C}.AppStore|iPhoneSimulator.ActiveCfg = Release|Any CPU
		{CC48DC3A-852A-44E7-8CDD-5FAEDBB4DA3C}.AppStore|Mixed Platforms.ActiveCfg = Release|Any CPU
		{CC48DC3A-852A-44E7-8CDD-5FAEDBB4DA3C}.AppStore|Mixed Platforms.Build.0 = Release|Any CPU
		{CC48DC3A-852A-44E7-8CDD-5FAEDBB4DA3C}.AppStore|Mixed Platforms.Deploy.0 = Release|Any CPU
		{CC48DC3A-852A-44E7-8CDD-5FAEDBB4DA3C}.AppStore|x86.ActiveCfg = Release|Any CPU
		{CC48DC3A-852A-44E7-8CDD-5FAEDBB4DA3C}.Debug|Any CPU.ActiveCfg = Debug|Any CPU
		{CC48DC3A-852A-44E7-8CDD-5FAEDBB4DA3C}.Debug|Any CPU.Build.0 = Debug|Any CPU
		{CC48DC3A-852A-44E7-8CDD-5FAEDBB4DA3C}.Debug|ARM.ActiveCfg = Debug|Any CPU
		{CC48DC3A-852A-44E7-8CDD-5FAEDBB4DA3C}.Debug|iPhone.ActiveCfg = Debug|Any CPU
		{CC48DC3A-852A-44E7-8CDD-5FAEDBB4DA3C}.Debug|iPhone.Build.0 = Debug|Any CPU
		{CC48DC3A-852A-44E7-8CDD-5FAEDBB4DA3C}.Debug|iPhoneSimulator.ActiveCfg = Debug|Any CPU
		{CC48DC3A-852A-44E7-8CDD-5FAEDBB4DA3C}.Debug|iPhoneSimulator.Build.0 = Debug|Any CPU
		{CC48DC3A-852A-44E7-8CDD-5FAEDBB4DA3C}.Debug|Mixed Platforms.ActiveCfg = Debug|Any CPU
		{CC48DC3A-852A-44E7-8CDD-5FAEDBB4DA3C}.Debug|Mixed Platforms.Build.0 = Debug|Any CPU
		{CC48DC3A-852A-44E7-8CDD-5FAEDBB4DA3C}.Debug|Mixed Platforms.Deploy.0 = Debug|Any CPU
		{CC48DC3A-852A-44E7-8CDD-5FAEDBB4DA3C}.Debug|x86.ActiveCfg = Debug|Any CPU
		{CC48DC3A-852A-44E7-8CDD-5FAEDBB4DA3C}.Release|Any CPU.ActiveCfg = Release|Any CPU
		{CC48DC3A-852A-44E7-8CDD-5FAEDBB4DA3C}.Release|Any CPU.Build.0 = Release|Any CPU
		{CC48DC3A-852A-44E7-8CDD-5FAEDBB4DA3C}.Release|ARM.ActiveCfg = Release|Any CPU
		{CC48DC3A-852A-44E7-8CDD-5FAEDBB4DA3C}.Release|iPhone.ActiveCfg = Release|Any CPU
		{CC48DC3A-852A-44E7-8CDD-5FAEDBB4DA3C}.Release|iPhone.Build.0 = Release|Any CPU
		{CC48DC3A-852A-44E7-8CDD-5FAEDBB4DA3C}.Release|iPhoneSimulator.ActiveCfg = Release|Any CPU
		{CC48DC3A-852A-44E7-8CDD-5FAEDBB4DA3C}.Release|iPhoneSimulator.Build.0 = Release|Any CPU
		{CC48DC3A-852A-44E7-8CDD-5FAEDBB4DA3C}.Release|Mixed Platforms.ActiveCfg = Release|Any CPU
		{CC48DC3A-852A-44E7-8CDD-5FAEDBB4DA3C}.Release|Mixed Platforms.Build.0 = Release|Any CPU
		{CC48DC3A-852A-44E7-8CDD-5FAEDBB4DA3C}.Release|Mixed Platforms.Deploy.0 = Release|Any CPU
		{CC48DC3A-852A-44E7-8CDD-5FAEDBB4DA3C}.Release|x86.ActiveCfg = Release|Any CPU
		{F1C07999-712D-48DE-8A67-C87ED07F7159}.Ad-Hoc|Any CPU.ActiveCfg = Ad-Hoc|iPhoneSimulator
		{F1C07999-712D-48DE-8A67-C87ED07F7159}.Ad-Hoc|ARM.ActiveCfg = Ad-Hoc|iPhoneSimulator
		{F1C07999-712D-48DE-8A67-C87ED07F7159}.Ad-Hoc|iPhone.ActiveCfg = Ad-Hoc|iPhone
		{F1C07999-712D-48DE-8A67-C87ED07F7159}.Ad-Hoc|iPhone.Build.0 = Ad-Hoc|iPhone
		{F1C07999-712D-48DE-8A67-C87ED07F7159}.Ad-Hoc|iPhoneSimulator.ActiveCfg = Ad-Hoc|iPhoneSimulator
		{F1C07999-712D-48DE-8A67-C87ED07F7159}.Ad-Hoc|iPhoneSimulator.Build.0 = Ad-Hoc|iPhoneSimulator
		{F1C07999-712D-48DE-8A67-C87ED07F7159}.Ad-Hoc|Mixed Platforms.ActiveCfg = Ad-Hoc|iPhoneSimulator
		{F1C07999-712D-48DE-8A67-C87ED07F7159}.Ad-Hoc|Mixed Platforms.Build.0 = Ad-Hoc|iPhoneSimulator
		{F1C07999-712D-48DE-8A67-C87ED07F7159}.Ad-Hoc|x86.ActiveCfg = Ad-Hoc|iPhoneSimulator
		{F1C07999-712D-48DE-8A67-C87ED07F7159}.AppStore|Any CPU.ActiveCfg = AppStore|iPhoneSimulator
		{F1C07999-712D-48DE-8A67-C87ED07F7159}.AppStore|ARM.ActiveCfg = AppStore|iPhoneSimulator
		{F1C07999-712D-48DE-8A67-C87ED07F7159}.AppStore|iPhone.ActiveCfg = AppStore|iPhone
		{F1C07999-712D-48DE-8A67-C87ED07F7159}.AppStore|iPhone.Build.0 = AppStore|iPhone
		{F1C07999-712D-48DE-8A67-C87ED07F7159}.AppStore|iPhoneSimulator.ActiveCfg = AppStore|iPhoneSimulator
		{F1C07999-712D-48DE-8A67-C87ED07F7159}.AppStore|iPhoneSimulator.Build.0 = AppStore|iPhoneSimulator
		{F1C07999-712D-48DE-8A67-C87ED07F7159}.AppStore|Mixed Platforms.ActiveCfg = AppStore|iPhoneSimulator
		{F1C07999-712D-48DE-8A67-C87ED07F7159}.AppStore|Mixed Platforms.Build.0 = AppStore|iPhoneSimulator
		{F1C07999-712D-48DE-8A67-C87ED07F7159}.AppStore|x86.ActiveCfg = AppStore|iPhoneSimulator
		{F1C07999-712D-48DE-8A67-C87ED07F7159}.Debug|Any CPU.ActiveCfg = Debug|iPhoneSimulator
		{F1C07999-712D-48DE-8A67-C87ED07F7159}.Debug|Any CPU.Build.0 = Debug|iPhoneSimulator
		{F1C07999-712D-48DE-8A67-C87ED07F7159}.Debug|ARM.ActiveCfg = Debug|iPhone
		{F1C07999-712D-48DE-8A67-C87ED07F7159}.Debug|iPhone.ActiveCfg = Debug|iPhone
		{F1C07999-712D-48DE-8A67-C87ED07F7159}.Debug|iPhone.Build.0 = Debug|iPhone
		{F1C07999-712D-48DE-8A67-C87ED07F7159}.Debug|iPhoneSimulator.ActiveCfg = Debug|iPhoneSimulator
		{F1C07999-712D-48DE-8A67-C87ED07F7159}.Debug|iPhoneSimulator.Build.0 = Debug|iPhoneSimulator
		{F1C07999-712D-48DE-8A67-C87ED07F7159}.Debug|Mixed Platforms.ActiveCfg = Debug|iPhone
		{F1C07999-712D-48DE-8A67-C87ED07F7159}.Debug|Mixed Platforms.Build.0 = Debug|iPhone
		{F1C07999-712D-48DE-8A67-C87ED07F7159}.Debug|x86.ActiveCfg = Debug|iPhone
		{F1C07999-712D-48DE-8A67-C87ED07F7159}.Release|Any CPU.ActiveCfg = Release|iPhoneSimulator
		{F1C07999-712D-48DE-8A67-C87ED07F7159}.Release|Any CPU.Build.0 = Release|iPhoneSimulator
		{F1C07999-712D-48DE-8A67-C87ED07F7159}.Release|ARM.ActiveCfg = Release|iPhone
		{F1C07999-712D-48DE-8A67-C87ED07F7159}.Release|iPhone.ActiveCfg = Release|iPhone
		{F1C07999-712D-48DE-8A67-C87ED07F7159}.Release|iPhone.Build.0 = Release|iPhone
		{F1C07999-712D-48DE-8A67-C87ED07F7159}.Release|iPhoneSimulator.ActiveCfg = Release|iPhoneSimulator
		{F1C07999-712D-48DE-8A67-C87ED07F7159}.Release|iPhoneSimulator.Build.0 = Release|iPhoneSimulator
		{F1C07999-712D-48DE-8A67-C87ED07F7159}.Release|Mixed Platforms.ActiveCfg = Release|iPhone
		{F1C07999-712D-48DE-8A67-C87ED07F7159}.Release|Mixed Platforms.Build.0 = Release|iPhone
		{F1C07999-712D-48DE-8A67-C87ED07F7159}.Release|x86.ActiveCfg = Release|iPhone
	EndGlobalSection
	GlobalSection(MonoDevelopProperties) = preSolution
		StartupItem = iOS\GECoPilot.iOS.csproj
	EndGlobalSection
	GlobalSection(SolutionProperties) = preSolution
		HideSolutionNode = FALSE
	EndGlobalSection
EndGlobal
